GEM
  remote: https://rubygems.org/
  specs:
    date (3.2.2)
    nokogiri (1.13.8-x86_64-darwin)
      racc (~> 1.4)
    open-uri (0.2.0)
      stringio
      time
      uri
    racc (1.6.0)
    stringio (3.0.2)
    thor (1.2.1)
    time (0.2.0)
      date
    uri (0.11.0)

PLATFORMS
  x86_64-darwin-21

DEPENDENCIES
  nokogiri
  open-uri
  thor

BUNDLED WITH
   2.3.22
